
Microsoft Visual Studio Solution File, Format Version 12.00
# Visual Studio 2013
VisualStudioVersion = 12.0.21005.1
MinimumVisualStudioVersion = 10.0.40219.1
Project("{8BC9CEB8-8B4A-11D0-8D11-00A0C91BC942}") = "MyClipboardViewer", "MyClipboardViewer\MyClipboardViewer.vcxproj", "{2B66F321-6D4E-4F77-B6F2-E58220989AD3}"
EndProject
Project("{8BC9CEB8-8B4A-11D0-8D11-00A0C91BC942}") = "TestDelayRender", "TestDelayRender\TestDelayRender.vcxproj", "{9727BAA0-FFF7-466A-8E60-A3ED3F465EC9}"
EndProject
Global
	GlobalSection(SolutionConfigurationPlatforms) = preSolution
		Debug|Win32 = Debug|Win32
		Release|Win32 = Release|Win32
	EndGlobalSection
	GlobalSection(ProjectConfigurationPlatforms) = postSolution
		{2B66F321-6D4E-4F77-B6F2-E58220989AD3}.Debug|Win32.ActiveCfg = Debug|Win32
		{2B66F321-6D4E-4F77-B6F2-E58220989AD3}.Debug|Win32.Build.0 = Debug|Win32
		{2B66F321-6D4E-4F77-B6F2-E58220989AD3}.Release|Win32.ActiveCfg = Release|Win32
		{2B66F321-6D4E-4F77-B6F2-E58220989AD3}.Release|Win32.Build.0 = Release|Win32
		{9727BAA0-FFF7-466A-8E60-A3ED3F465EC9}.Debug|Win32.ActiveCfg = Debug|Win32
		{9727BAA0-FFF7-466A-8E60-A3ED3F465EC9}.Debug|Win32.Build.0 = Debug|Win32
		{9727BAA0-FFF7-466A-8E60-A3ED3F465EC9}.Release|Win32.ActiveCfg = Release|Win32
		{9727BAA0-FFF7-466A-8E60-A3ED3F465EC9}.Release|Win32.Build.0 = Release|Win32
	EndGlobalSection
	GlobalSection(SolutionProperties) = preSolution
		HideSolutionNode = FALSE
	EndGlobalSection
EndGlobal
