
Microsoft Visual Studio Solution File, Format Version 12.00
# Visual Studio 2013
VisualStudioVersion = 12.0.21005.1
MinimumVisualStudioVersion = 10.0.40219.1
Project("{8BC9CEB8-8B4A-11D0-8D11-00A0C91BC942}") = "DLL", "DLL\DLL.vcxproj", "{37E48F1D-1C85-4FE6-93E1-1F9BB46E8C27}"
EndProject
Project("{8BC9CEB8-8B4A-11D0-8D11-00A0C91BC942}") = "App", "App\App.vcxproj", "{648FC38C-4F47-4FD3-AF1C-66BA5EEF1C04}"
EndProject
Global
	GlobalSection(SolutionConfigurationPlatforms) = preSolution
		Debug|Win32 = Debug|Win32
		Release|Win32 = Release|Win32
	EndGlobalSection
	GlobalSection(ProjectConfigurationPlatforms) = postSolution
		{37E48F1D-1C85-4FE6-93E1-1F9BB46E8C27}.Debug|Win32.ActiveCfg = Debug|Win32
		{37E48F1D-1C85-4FE6-93E1-1F9BB46E8C27}.Debug|Win32.Build.0 = Debug|Win32
		{37E48F1D-1C85-4FE6-93E1-1F9BB46E8C27}.Release|Win32.ActiveCfg = Release|Win32
		{37E48F1D-1C85-4FE6-93E1-1F9BB46E8C27}.Release|Win32.Build.0 = Release|Win32
		{648FC38C-4F47-4FD3-AF1C-66BA5EEF1C04}.Debug|Win32.ActiveCfg = Debug|Win32
		{648FC38C-4F47-4FD3-AF1C-66BA5EEF1C04}.Debug|Win32.Build.0 = Debug|Win32
		{648FC38C-4F47-4FD3-AF1C-66BA5EEF1C04}.Release|Win32.ActiveCfg = Release|Win32
		{648FC38C-4F47-4FD3-AF1C-66BA5EEF1C04}.Release|Win32.Build.0 = Release|Win32
	EndGlobalSection
	GlobalSection(SolutionProperties) = preSolution
		HideSolutionNode = FALSE
	EndGlobalSection
EndGlobal
